{
  "lockfileVersion": 1,
  "workspaces": {
    "": {
      "name": "portfolio",
      "dependencies": {
        "@types/node": "20.1.3",
        "@types/react": "18.2.6",
        "@types/react-dom": "18.2.4",
        "autoprefixer": "10.4.14",
        "eslint": "8.40.0",
        "eslint-config-next": "13.4.2",
        "framer-motion": "^10.12.10",
        "next": "13.4.2",
        "postcss": "8.4.23",
        "react": "18.2.0",
        "react-dom": "18.2.0",
        "react-icons": "^4.8.0",
        "react-intersection-observer": "^9.4.3",
        "tailwindcss": "3.3.2",
        "typescript": "5.0.4",
      },
    },
  },
  "packages": {
    "@alloc/quick-lru": ["@alloc/quick-lru@5.2.0", "", {}, ""],

    "@babel/runtime": ["@babel/runtime@7.22.5", "", { "dependencies": { "regenerator-runtime": "^0.13.11" } }, ""],

    "@emotion/is-prop-valid": ["@emotion/is-prop-valid@0.8.8", "", { "dependencies": { "@emotion/memoize": "0.7.4" } }, "sha512-u5WtneEAr5IDG2Wv65yhunPSMLIpuKsbuOktRojfrEiEvRyC85LgPMZI63cr7NUqT8ZIGdSVg8ZKGxIug4lXcA=="],

    "@emotion/memoize": ["@emotion/memoize@0.7.4", "", {}, "sha512-Ja/Vfqe3HpuzRsG1oBtWTHk2PGZ7GR+2Vz5iYGelAw8dx32K0y7PjVuxK6z1nMpZOqAFsRUPCkK1YjJ56qJlgw=="],

    "@eslint-community/eslint-utils": ["@eslint-community/eslint-utils@4.4.0", "", { "dependencies": { "eslint-visitor-keys": "^3.3.0" }, "peerDependencies": { "eslint": "^6.0.0 || ^7.0.0 || >=8.0.0" } }, ""],

    "@eslint-community/regexpp": ["@eslint-community/regexpp@4.5.1", "", {}, ""],

    "@eslint/eslintrc": ["@eslint/eslintrc@2.0.3", "", { "dependencies": { "ajv": "^6.12.4", "debug": "^4.3.2", "espree": "^9.5.2", "globals": "^13.19.0", "ignore": "^5.2.0", "import-fresh": "^3.2.1", "js-yaml": "^4.1.0", "minimatch": "^3.1.2", "strip-json-comments": "^3.1.1" } }, ""],

    "@eslint/js": ["@eslint/js@8.40.0", "", {}, "sha512-ElyB54bJIhXQYVKjDSvCkPO1iU1tSAeVQJbllWJq1XQSmmA4dgFk8CbiBGpiOPxleE48vDogxCtmMYku4HSVLA=="],

    "@humanwhocodes/config-array": ["@humanwhocodes/config-array@0.11.10", "", { "dependencies": { "@humanwhocodes/object-schema": "^1.2.1", "debug": "^4.1.1", "minimatch": "^3.0.5" } }, ""],

    "@humanwhocodes/module-importer": ["@humanwhocodes/module-importer@1.0.1", "", {}, ""],

    "@humanwhocodes/object-schema": ["@humanwhocodes/object-schema@1.2.1", "", {}, ""],

    "@jridgewell/gen-mapping": ["@jridgewell/gen-mapping@0.3.3", "", { "dependencies": { "@jridgewell/set-array": "^1.0.1", "@jridgewell/sourcemap-codec": "^1.4.10", "@jridgewell/trace-mapping": "^0.3.9" } }, ""],

    "@jridgewell/resolve-uri": ["@jridgewell/resolve-uri@3.1.0", "", {}, ""],

    "@jridgewell/set-array": ["@jridgewell/set-array@1.1.2", "", {}, ""],

    "@jridgewell/sourcemap-codec": ["@jridgewell/sourcemap-codec@1.4.15", "", {}, ""],

    "@jridgewell/trace-mapping": ["@jridgewell/trace-mapping@0.3.18", "", { "dependencies": { "@jridgewell/resolve-uri": "3.1.0", "@jridgewell/sourcemap-codec": "1.4.14" } }, ""],

    "@next/env": ["@next/env@13.4.2", "", {}, "sha512-Wqvo7lDeS0KGwtwg9TT9wKQ8raelmUxt+TQKWvG/xKfcmDXNOtCuaszcfCF8JzlBG1q0VhpI6CKaRMbVPMDWgw=="],

    "@next/eslint-plugin-next": ["@next/eslint-plugin-next@13.4.2", "", { "dependencies": { "glob": "7.1.7" } }, "sha512-ZeFWgrxwckxTpYM+ANeUL9E7LOGPbZKmI94LJIjbDU69iEIgqd4WD0l2pVbOJMr/+vgoZmJ9Dx1m0WJ7WScXHA=="],

    "@next/swc-darwin-arm64": ["@next/swc-darwin-arm64@13.4.2", "", { "os": "darwin", "cpu": "arm64" }, "sha512-6BBlqGu3ewgJflv9iLCwO1v1hqlecaIH2AotpKfVUEzUxuuDNJQZ2a4KLb4MBl8T9/vca1YuWhSqtbF6ZuUJJw=="],

    "@next/swc-darwin-x64": ["@next/swc-darwin-x64@13.4.2", "", { "os": "darwin", "cpu": "x64" }, "sha512-iZuYr7ZvGLPjPmfhhMl0ISm+z8EiyLBC1bLyFwGBxkWmPXqdJ60mzuTaDSr5WezDwv0fz32HB7JHmRC6JVHSZg=="],

    "@next/swc-linux-arm64-gnu": ["@next/swc-linux-arm64-gnu@13.4.2", "", { "os": "linux", "cpu": "arm64" }, "sha512-2xVabFtIge6BJTcJrW8YuUnYTuQjh4jEuRuS2mscyNVOj6zUZkom3CQg+egKOoS+zh2rrro66ffSKIS+ztFJTg=="],

    "@next/swc-linux-arm64-musl": ["@next/swc-linux-arm64-musl@13.4.2", "", { "os": "linux", "cpu": "arm64" }, "sha512-wKRCQ27xCUJx5d6IivfjYGq8oVngqIhlhSAJntgXLt7Uo9sRT/3EppMHqUZRfyuNBTbykEre1s5166z+pvRB5A=="],

    "@next/swc-linux-x64-gnu": ["@next/swc-linux-x64-gnu@13.4.2", "", { "os": "linux", "cpu": "x64" }, "sha512-NpCa+UVhhuNeaFVUP1Bftm0uqtvLWq2JTm7+Ta48+2Uqj2mNXrDIvyn1DY/ZEfmW/1yvGBRaUAv9zkMkMRixQA=="],

    "@next/swc-linux-x64-musl": ["@next/swc-linux-x64-musl@13.4.2", "", { "os": "linux", "cpu": "x64" }, "sha512-ZWVC72x0lW4aj44e3khvBrj2oSYj1bD0jESmyah3zG/3DplEy/FOtYkMzbMjHTdDSheso7zH8GIlW6CDQnKhmQ=="],

    "@next/swc-win32-arm64-msvc": ["@next/swc-win32-arm64-msvc@13.4.2", "", { "os": "win32", "cpu": "arm64" }, "sha512-pLT+OWYpzJig5K4VKhLttlIfBcVZfr2+Xbjra0Tjs83NQSkFS+y7xx+YhCwvpEmXYLIvaggj2ONPyjbiigOvHQ=="],

    "@next/swc-win32-ia32-msvc": ["@next/swc-win32-ia32-msvc@13.4.2", "", { "os": "win32", "cpu": "ia32" }, "sha512-dhpiksQCyGca4WY0fJyzK3FxMDFoqMb0Cn+uDB+9GYjpU2K5//UGPQlCwiK4JHxuhg8oLMag5Nf3/IPSJNG8jw=="],

    "@next/swc-win32-x64-msvc": ["@next/swc-win32-x64-msvc@13.4.2", "", { "os": "win32", "cpu": "x64" }, "sha512-O7bort1Vld00cu8g0jHZq3cbSTUNMohOEvYqsqE10+yfohhdPHzvzO+ziJRz4Dyyr/fYKREwS7gR4JC0soSOMw=="],

    "@nodelib/fs.scandir": ["@nodelib/fs.scandir@2.1.5", "", { "dependencies": { "@nodelib/fs.stat": "2.0.5", "run-parallel": "^1.1.9" } }, ""],

    "@nodelib/fs.stat": ["@nodelib/fs.stat@2.0.5", "", {}, ""],

    "@nodelib/fs.walk": ["@nodelib/fs.walk@1.2.8", "", { "dependencies": { "@nodelib/fs.scandir": "2.1.5", "fastq": "^1.6.0" } }, ""],

    "@rushstack/eslint-patch": ["@rushstack/eslint-patch@1.3.2", "", {}, ""],

    "@swc/helpers": ["@swc/helpers@0.5.1", "", { "dependencies": { "tslib": "^2.4.0" } }, "sha512-sJ902EfIzn1Fa+qYmjdQqh8tPsoxyBz+8yBKC2HKUxyezKJFwPGOn7pv4WY6QuQW//ySQi5lJjA/ZT9sNWWNTg=="],

    "@types/json5": ["@types/json5@0.0.29", "", {}, ""],

    "@types/node": ["@types/node@20.1.3", "", {}, "sha512-NP2yfZpgmf2eDRPmgGq+fjGjSwFgYbihA8/gK+ey23qT9RkxsgNTZvGOEpXgzIGqesTYkElELLgtKoMQTys5vA=="],

    "@types/prop-types": ["@types/prop-types@15.7.5", "", {}, ""],

    "@types/react": ["@types/react@18.2.6", "", { "dependencies": { "@types/prop-types": "*", "@types/scheduler": "*", "csstype": "^3.0.2" } }, "sha512-wRZClXn//zxCFW+ye/D2qY65UsYP1Fpex2YXorHc8awoNamkMZSvBxwxdYVInsHOZZd2Ppq8isnSzJL5Mpf8OA=="],

    "@types/react-dom": ["@types/react-dom@18.2.4", "", { "dependencies": { "@types/react": "*" } }, "sha512-G2mHoTMTL4yoydITgOGwWdWMVd8sNgyEP85xVmMKAPUBwQWm9wBPQUmvbeF4V3WBY1P7mmL4BkjQ0SqUpf1snw=="],

    "@types/scheduler": ["@types/scheduler@0.16.3", "", {}, ""],

    "@typescript-eslint/parser": ["@typescript-eslint/parser@5.60.0", "", { "dependencies": { "@typescript-eslint/scope-manager": "5.60.0", "@typescript-eslint/types": "5.60.0", "@typescript-eslint/typescript-estree": "5.60.0", "debug": "^4.3.4" }, "peerDependencies": { "eslint": "^6.0.0 || ^7.0.0 || ^8.0.0" } }, ""],

    "@typescript-eslint/scope-manager": ["@typescript-eslint/scope-manager@5.60.0", "", { "dependencies": { "@typescript-eslint/types": "5.60.0", "@typescript-eslint/visitor-keys": "5.60.0" } }, ""],

    "@typescript-eslint/types": ["@typescript-eslint/types@5.60.0", "", {}, ""],

    "@typescript-eslint/typescript-estree": ["@typescript-eslint/typescript-estree@5.60.0", "", { "dependencies": { "@typescript-eslint/types": "5.60.0", "@typescript-eslint/visitor-keys": "5.60.0", "debug": "^4.3.4", "globby": "^11.1.0", "is-glob": "^4.0.3", "semver": "^7.3.7", "tsutils": "^3.21.0" } }, ""],

    "@typescript-eslint/visitor-keys": ["@typescript-eslint/visitor-keys@5.60.0", "", { "dependencies": { "@typescript-eslint/types": "5.60.0", "eslint-visitor-keys": "^3.3.0" } }, ""],

    "acorn": ["acorn@8.9.0", "", { "bin": "bin/acorn" }, ""],

    "acorn-jsx": ["acorn-jsx@5.3.2", "", { "peerDependencies": { "acorn": "^6.0.0 || ^7.0.0 || ^8.0.0" } }, ""],

    "ajv": ["ajv@6.12.6", "", { "dependencies": { "fast-deep-equal": "^3.1.1", "fast-json-stable-stringify": "^2.0.0", "json-schema-traverse": "^0.4.1", "uri-js": "^4.2.2" } }, ""],

    "ansi-regex": ["ansi-regex@5.0.1", "", {}, ""],

    "ansi-styles": ["ansi-styles@4.3.0", "", { "dependencies": { "color-convert": "^2.0.1" } }, ""],

    "any-promise": ["any-promise@1.3.0", "", {}, ""],

    "anymatch": ["anymatch@3.1.3", "", { "dependencies": { "normalize-path": "^3.0.0", "picomatch": "^2.0.4" } }, ""],

    "arg": ["arg@5.0.2", "", {}, ""],

    "argparse": ["argparse@2.0.1", "", {}, ""],

    "aria-query": ["aria-query@5.2.1", "", { "dependencies": { "dequal": "^2.0.3" } }, ""],

    "array-buffer-byte-length": ["array-buffer-byte-length@1.0.0", "", { "dependencies": { "call-bind": "^1.0.2", "is-array-buffer": "^3.0.1" } }, ""],

    "array-includes": ["array-includes@3.1.6", "", { "dependencies": { "call-bind": "^1.0.2", "define-properties": "^1.1.4", "es-abstract": "^1.20.4", "get-intrinsic": "^1.1.3", "is-string": "^1.0.7" } }, ""],

    "array-union": ["array-union@2.1.0", "", {}, ""],

    "array.prototype.flat": ["array.prototype.flat@1.3.1", "", { "dependencies": { "call-bind": "^1.0.2", "define-properties": "^1.1.4", "es-abstract": "^1.20.4", "es-shim-unscopables": "^1.0.0" } }, ""],

    "array.prototype.flatmap": ["array.prototype.flatmap@1.3.1", "", { "dependencies": { "call-bind": "^1.0.2", "define-properties": "^1.1.4", "es-abstract": "^1.20.4", "es-shim-unscopables": "^1.0.0" } }, ""],

    "array.prototype.tosorted": ["array.prototype.tosorted@1.1.1", "", { "dependencies": { "call-bind": "^1.0.2", "define-properties": "^1.1.4", "es-abstract": "^1.20.4", "es-shim-unscopables": "^1.0.0", "get-intrinsic": "^1.1.3" } }, ""],

    "ast-types-flow": ["ast-types-flow@0.0.7", "", {}, ""],

    "autoprefixer": ["autoprefixer@10.4.14", "", { "dependencies": { "browserslist": "^4.21.5", "caniuse-lite": "^1.0.30001464", "fraction.js": "^4.2.0", "normalize-range": "^0.1.2", "picocolors": "^1.0.0", "postcss-value-parser": "^4.2.0" }, "peerDependencies": { "postcss": "^8.1.0" }, "bin": "bin/autoprefixer" }, ""],

    "available-typed-arrays": ["available-typed-arrays@1.0.5", "", {}, ""],

    "axe-core": ["axe-core@4.7.2", "", {}, ""],

    "axobject-query": ["axobject-query@3.2.1", "", { "dependencies": { "dequal": "^2.0.3" } }, ""],

    "balanced-match": ["balanced-match@1.0.2", "", {}, ""],

    "binary-extensions": ["binary-extensions@2.2.0", "", {}, ""],

    "brace-expansion": ["brace-expansion@1.1.11", "", { "dependencies": { "balanced-match": "^1.0.0", "concat-map": "0.0.1" } }, ""],

    "braces": ["braces@3.0.2", "", { "dependencies": { "fill-range": "^7.0.1" } }, ""],

    "browserslist": ["browserslist@4.21.9", "", { "dependencies": { "caniuse-lite": "^1.0.30001503", "electron-to-chromium": "^1.4.431", "node-releases": "^2.0.12", "update-browserslist-db": "^1.0.11" }, "bin": "cli.js" }, ""],

    "busboy": ["busboy@1.6.0", "", { "dependencies": { "streamsearch": "^1.1.0" } }, "sha512-8SFQbg/0hQ9xy3UNTB0YEnsNBbWfhf7RtnzpL7TkBiTBRfrQ9Fxcnz7VJsleJpyp6rVLvXiuORqjlHi5q+PYuA=="],

    "call-bind": ["call-bind@1.0.2", "", { "dependencies": { "function-bind": "^1.1.1", "get-intrinsic": "^1.0.2" } }, ""],

    "callsites": ["callsites@3.1.0", "", {}, ""],

    "camelcase-css": ["camelcase-css@2.0.1", "", {}, ""],

    "caniuse-lite": ["caniuse-lite@1.0.30001505", "", {}, ""],

    "chalk": ["chalk@4.1.2", "", { "dependencies": { "ansi-styles": "^4.1.0", "supports-color": "^7.1.0" } }, ""],

    "chokidar": ["chokidar@3.5.3", "", { "dependencies": { "anymatch": "~3.1.2", "braces": "~3.0.2", "glob-parent": "~5.1.2", "is-binary-path": "~2.1.0", "is-glob": "~4.0.1", "normalize-path": "~3.0.0", "readdirp": "~3.6.0" }, "optionalDependencies": { "fsevents": "~2.3.2" } }, ""],

    "client-only": ["client-only@0.0.1", "", {}, "sha512-IV3Ou0jSMzZrd3pZ48nLkT9DA7Ag1pnPzaiQhpW7c3RbcqqzvzzVu+L8gfqMp/8IM2MQtSiqaCxrrcfu8I8rMA=="],

    "color-convert": ["color-convert@2.0.1", "", { "dependencies": { "color-name": "~1.1.4" } }, ""],

    "color-name": ["color-name@1.1.4", "", {}, ""],

    "commander": ["commander@4.1.1", "", {}, ""],

    "concat-map": ["concat-map@0.0.1", "", {}, ""],

    "cross-spawn": ["cross-spawn@7.0.3", "", { "dependencies": { "path-key": "^3.1.0", "shebang-command": "^2.0.0", "which": "^2.0.1" } }, ""],

    "cssesc": ["cssesc@3.0.0", "", { "bin": "bin/cssesc" }, ""],

    "csstype": ["csstype@3.1.2", "", {}, ""],

    "damerau-levenshtein": ["damerau-levenshtein@1.0.8", "", {}, ""],

    "debug": ["debug@4.3.4", "", { "dependencies": { "ms": "2.1.2" } }, ""],

    "deep-is": ["deep-is@0.1.4", "", {}, ""],

    "define-properties": ["define-properties@1.2.0", "", { "dependencies": { "has-property-descriptors": "^1.0.0", "object-keys": "^1.1.1" } }, ""],

    "dequal": ["dequal@2.0.3", "", {}, ""],

    "didyoumean": ["didyoumean@1.2.2", "", {}, ""],

    "dir-glob": ["dir-glob@3.0.1", "", { "dependencies": { "path-type": "^4.0.0" } }, ""],

    "dlv": ["dlv@1.1.3", "", {}, ""],

    "doctrine": ["doctrine@3.0.0", "", { "dependencies": { "esutils": "^2.0.2" } }, ""],

    "electron-to-chromium": ["electron-to-chromium@1.4.434", "", {}, ""],

    "emoji-regex": ["emoji-regex@9.2.2", "", {}, ""],

    "enhanced-resolve": ["enhanced-resolve@5.15.0", "", { "dependencies": { "graceful-fs": "^4.2.4", "tapable": "^2.2.0" } }, ""],

    "es-abstract": ["es-abstract@1.21.2", "", { "dependencies": { "array-buffer-byte-length": "^1.0.0", "available-typed-arrays": "^1.0.5", "call-bind": "^1.0.2", "es-set-tostringtag": "^2.0.1", "es-to-primitive": "^1.2.1", "function.prototype.name": "^1.1.5", "get-intrinsic": "^1.2.0", "get-symbol-description": "^1.0.0", "globalthis": "^1.0.3", "gopd": "^1.0.1", "has": "^1.0.3", "has-property-descriptors": "^1.0.0", "has-proto": "^1.0.1", "has-symbols": "^1.0.3", "internal-slot": "^1.0.5", "is-array-buffer": "^3.0.2", "is-callable": "^1.2.7", "is-negative-zero": "^2.0.2", "is-regex": "^1.1.4", "is-shared-array-buffer": "^1.0.2", "is-string": "^1.0.7", "is-typed-array": "^1.1.10", "is-weakref": "^1.0.2", "object-inspect": "^1.12.3", "object-keys": "^1.1.1", "object.assign": "^4.1.4", "regexp.prototype.flags": "^1.4.3", "safe-regex-test": "^1.0.0", "string.prototype.trim": "^1.2.7", "string.prototype.trimend": "^1.0.6", "string.prototype.trimstart": "^1.0.6", "typed-array-length": "^1.0.4", "unbox-primitive": "^1.0.2", "which-typed-array": "^1.1.9" } }, ""],

    "es-set-tostringtag": ["es-set-tostringtag@2.0.1", "", { "dependencies": { "get-intrinsic": "^1.1.3", "has": "^1.0.3", "has-tostringtag": "^1.0.0" } }, ""],

    "es-shim-unscopables": ["es-shim-unscopables@1.0.0", "", { "dependencies": { "has": "^1.0.3" } }, ""],

    "es-to-primitive": ["es-to-primitive@1.2.1", "", { "dependencies": { "is-callable": "^1.1.4", "is-date-object": "^1.0.1", "is-symbol": "^1.0.2" } }, ""],

    "escalade": ["escalade@3.1.1", "", {}, ""],

    "escape-string-regexp": ["escape-string-regexp@4.0.0", "", {}, ""],

    "eslint": ["eslint@8.40.0", "", { "dependencies": { "@eslint-community/eslint-utils": "^4.2.0", "@eslint-community/regexpp": "^4.4.0", "@eslint/eslintrc": "^2.0.3", "@eslint/js": "8.40.0", "@humanwhocodes/config-array": "^0.11.8", "@humanwhocodes/module-importer": "^1.0.1", "@nodelib/fs.walk": "^1.2.8", "ajv": "^6.10.0", "chalk": "^4.0.0", "cross-spawn": "^7.0.2", "debug": "^4.3.2", "doctrine": "^3.0.0", "escape-string-regexp": "^4.0.0", "eslint-scope": "^7.2.0", "eslint-visitor-keys": "^3.4.1", "espree": "^9.5.2", "esquery": "^1.4.2", "esutils": "^2.0.2", "fast-deep-equal": "^3.1.3", "file-entry-cache": "^6.0.1", "find-up": "^5.0.0", "glob-parent": "^6.0.2", "globals": "^13.19.0", "grapheme-splitter": "^1.0.4", "ignore": "^5.2.0", "import-fresh": "^3.0.0", "imurmurhash": "^0.1.4", "is-glob": "^4.0.0", "is-path-inside": "^3.0.3", "js-sdsl": "^4.1.4", "js-yaml": "^4.1.0", "json-stable-stringify-without-jsonify": "^1.0.1", "levn": "^0.4.1", "lodash.merge": "^4.6.2", "minimatch": "^3.1.2", "natural-compare": "^1.4.0", "optionator": "^0.9.1", "strip-ansi": "^6.0.1", "strip-json-comments": "^3.1.0", "text-table": "^0.2.0" }, "bin": "bin/eslint.js" }, "sha512-bvR+TsP9EHL3TqNtj9sCNJVAFK3fBN8Q7g5waghxyRsPLIMwL73XSKnZFK0hk/O2ANC+iAoq6PWMQ+IfBAJIiQ=="],

    "eslint-config-next": ["eslint-config-next@13.4.2", "", { "dependencies": { "@next/eslint-plugin-next": "13.4.2", "@rushstack/eslint-patch": "^1.1.3", "@typescript-eslint/parser": "^5.42.0", "eslint-import-resolver-node": "^0.3.6", "eslint-import-resolver-typescript": "^3.5.2", "eslint-plugin-import": "^2.26.0", "eslint-plugin-jsx-a11y": "^6.5.1", "eslint-plugin-react": "^7.31.7", "eslint-plugin-react-hooks": "^4.5.0" }, "peerDependencies": { "eslint": "^7.23.0 || ^8.0.0", "typescript": ">=3.3.1" } }, "sha512-zjLJ9B9bbeWSo5q+iHfdt8gVYyT+y2BpWDfjR6XMBtFRSMKRGjllDKxnuKBV1q2Y/QpwLM2PXHJTMRyblCmRAg=="],

    "eslint-import-resolver-node": ["eslint-import-resolver-node@0.3.7", "", { "dependencies": { "debug": "^3.2.7", "is-core-module": "^2.11.0", "resolve": "^1.22.1" } }, ""],

    "eslint-import-resolver-typescript": ["eslint-import-resolver-typescript@3.6.1", "", { "dependencies": { "debug": "^4.3.4", "enhanced-resolve": "^5.12.0", "eslint-module-utils": "^2.7.4", "fast-glob": "^3.3.1", "get-tsconfig": "^4.5.0", "is-core-module": "^2.11.0", "is-glob": "^4.0.3" }, "peerDependencies": { "eslint": "*", "eslint-plugin-import": "*" } }, "sha512-xgdptdoi5W3niYeuQxKmzVDTATvLYqhpwmykwsh7f6HIOStGWEIL9iqZgQDF9u9OEzrRwR8no5q2VT+bjAujTg=="],

    "eslint-module-utils": ["eslint-module-utils@2.8.0", "", { "dependencies": { "debug": "^3.2.7" } }, ""],

    "eslint-plugin-import": ["eslint-plugin-import@2.27.5", "", { "dependencies": { "array-includes": "^3.1.6", "array.prototype.flat": "^1.3.1", "array.prototype.flatmap": "^1.3.1", "debug": "^3.2.7", "doctrine": "^2.1.0", "eslint-import-resolver-node": "^0.3.7", "eslint-module-utils": "^2.7.4", "has": "^1.0.3", "is-core-module": "^2.11.0", "is-glob": "^4.0.3", "minimatch": "^3.1.2", "object.values": "^1.1.6", "resolve": "^1.22.1", "semver": "^6.3.0", "tsconfig-paths": "^3.14.1" }, "peerDependencies": { "eslint": "^2 || ^3 || ^4 || ^5 || ^6 || ^7.2.0 || ^8" } }, ""],

    "eslint-plugin-jsx-a11y": ["eslint-plugin-jsx-a11y@6.7.1", "", { "dependencies": { "@babel/runtime": "^7.20.7", "aria-query": "^5.1.3", "array-includes": "^3.1.6", "array.prototype.flatmap": "^1.3.1", "ast-types-flow": "^0.0.7", "axe-core": "^4.6.2", "axobject-query": "^3.1.1", "damerau-levenshtein": "^1.0.8", "emoji-regex": "^9.2.2", "has": "^1.0.3", "jsx-ast-utils": "^3.3.3", "language-tags": "=1.0.5", "minimatch": "^3.1.2", "object.entries": "^1.1.6", "object.fromentries": "^2.0.6", "semver": "^6.3.0" }, "peerDependencies": { "eslint": "^3 || ^4 || ^5 || ^6 || ^7 || ^8" } }, ""],

    "eslint-plugin-react": ["eslint-plugin-react@7.32.2", "", { "dependencies": { "array-includes": "^3.1.6", "array.prototype.flatmap": "^1.3.1", "array.prototype.tosorted": "^1.1.1", "doctrine": "^2.1.0", "estraverse": "^5.3.0", "jsx-ast-utils": "^2.4.1 || ^3.0.0", "minimatch": "^3.1.2", "object.entries": "^1.1.6", "object.fromentries": "^2.0.6", "object.hasown": "^1.1.2", "object.values": "^1.1.6", "prop-types": "^15.8.1", "resolve": "^2.0.0-next.4", "semver": "^6.3.0", "string.prototype.matchall": "^4.0.8" }, "peerDependencies": { "eslint": "^3 || ^4 || ^5 || ^6 || ^7 || ^8" } }, ""],

    "eslint-plugin-react-hooks": ["eslint-plugin-react-hooks@4.6.0", "", { "peerDependencies": { "eslint": "^3.0.0 || ^4.0.0 || ^5.0.0 || ^6.0.0 || ^7.0.0 || ^8.0.0-0" } }, ""],

    "eslint-scope": ["eslint-scope@7.2.0", "", { "dependencies": { "esrecurse": "^4.3.0", "estraverse": "^5.2.0" } }, ""],

    "eslint-visitor-keys": ["eslint-visitor-keys@3.4.1", "", {}, ""],

    "espree": ["espree@9.5.2", "", { "dependencies": { "acorn": "^8.8.0", "acorn-jsx": "^5.3.2", "eslint-visitor-keys": "^3.4.1" } }, ""],

    "esquery": ["esquery@1.5.0", "", { "dependencies": { "estraverse": "^5.1.0" } }, ""],

    "esrecurse": ["esrecurse@4.3.0", "", { "dependencies": { "estraverse": "^5.2.0" } }, ""],

    "estraverse": ["estraverse@5.3.0", "", {}, ""],

    "esutils": ["esutils@2.0.3", "", {}, ""],

    "fast-deep-equal": ["fast-deep-equal@3.1.3", "", {}, ""],

    "fast-glob": ["fast-glob@3.3.2", "", { "dependencies": { "@nodelib/fs.stat": "^2.0.2", "@nodelib/fs.walk": "^1.2.3", "glob-parent": "^5.1.2", "merge2": "^1.3.0", "micromatch": "^4.0.4" } }, "sha512-oX2ruAFQwf/Orj8m737Y5adxDQO0LAB7/S5MnxCdTNDd4p6BsyIVsv9JQsATbTSq8KHRpLwIHbVlUNatxd+1Ow=="],

    "fast-json-stable-stringify": ["fast-json-stable-stringify@2.1.0", "", {}, ""],

    "fast-levenshtein": ["fast-levenshtein@2.0.6", "", {}, ""],

    "fastq": ["fastq@1.15.0", "", { "dependencies": { "reusify": "^1.0.4" } }, ""],

    "file-entry-cache": ["file-entry-cache@6.0.1", "", { "dependencies": { "flat-cache": "^3.0.4" } }, ""],

    "fill-range": ["fill-range@7.0.1", "", { "dependencies": { "to-regex-range": "^5.0.1" } }, ""],

    "find-up": ["find-up@5.0.0", "", { "dependencies": { "locate-path": "^6.0.0", "path-exists": "^4.0.0" } }, ""],

    "flat-cache": ["flat-cache@3.0.4", "", { "dependencies": { "flatted": "^3.1.0", "rimraf": "^3.0.2" } }, ""],

    "flatted": ["flatted@3.2.7", "", {}, ""],

    "for-each": ["for-each@0.3.3", "", { "dependencies": { "is-callable": "^1.1.3" } }, ""],

    "fraction.js": ["fraction.js@4.2.0", "", {}, ""],

    "framer-motion": ["framer-motion@10.18.0", "", { "dependencies": { "tslib": "^2.4.0" }, "optionalDependencies": { "@emotion/is-prop-valid": "^0.8.2" }, "peerDependencies": { "react": "^18.0.0", "react-dom": "^18.0.0" } }, "sha512-oGlDh1Q1XqYPksuTD/usb0I70hq95OUzmL9+6Zd+Hs4XV0oaISBa/UUMSjYiq6m8EUF32132mOJ8xVZS+I0S6w=="],

    "fs.realpath": ["fs.realpath@1.0.0", "", {}, ""],

    "fsevents": ["fsevents@2.3.3", "", { "os": "darwin" }, "sha512-5xoDfX+fL7faATnagmWPpbFtwh/R77WmMMqqHGS65C3vvB0YHrgF+B1YmZ3441tMj5n63k0212XNoJwzlhffQw=="],

    "function-bind": ["function-bind@1.1.1", "", {}, ""],

    "function.prototype.name": ["function.prototype.name@1.1.5", "", { "dependencies": { "call-bind": "^1.0.2", "define-properties": "^1.1.3", "es-abstract": "^1.19.0", "functions-have-names": "^1.2.2" } }, ""],

    "functions-have-names": ["functions-have-names@1.2.3", "", {}, ""],

    "get-intrinsic": ["get-intrinsic@1.2.1", "", { "dependencies": { "function-bind": "^1.1.1", "has": "^1.0.3", "has-proto": "^1.0.1", "has-symbols": "^1.0.3" } }, ""],

    "get-symbol-description": ["get-symbol-description@1.0.0", "", { "dependencies": { "call-bind": "^1.0.2", "get-intrinsic": "^1.1.1" } }, ""],

    "get-tsconfig": ["get-tsconfig@4.7.3", "", { "dependencies": { "resolve-pkg-maps": "^1.0.0" } }, "sha512-ZvkrzoUA0PQZM6fy6+/Hce561s+faD1rsNwhnO5FelNjyy7EMGJ3Rz1AQ8GYDWjhRs/7dBLOEJvhK8MiEJOAFg=="],

    "glob": ["glob@7.1.7", "", { "dependencies": { "fs.realpath": "^1.0.0", "inflight": "^1.0.4", "inherits": "2", "minimatch": "^3.0.4", "once": "^1.3.0", "path-is-absolute": "^1.0.0" } }, "sha512-OvD9ENzPLbegENnYP5UUfJIirTg4+XwMWGaQfQTY0JenxNvvIKP3U3/tAQSPIu/lHxXYSZmpXlUHeqAIdKzBLQ=="],

    "glob-parent": ["glob-parent@6.0.2", "", { "dependencies": { "is-glob": "^4.0.3" } }, ""],

    "globals": ["globals@13.20.0", "", { "dependencies": { "type-fest": "^0.20.2" } }, ""],

    "globalthis": ["globalthis@1.0.3", "", { "dependencies": { "define-properties": "^1.1.3" } }, ""],

    "globby": ["globby@11.1.0", "", { "dependencies": { "array-union": "^2.1.0", "dir-glob": "^3.0.1", "fast-glob": "^3.2.9", "ignore": "^5.2.0", "merge2": "^1.4.1", "slash": "^3.0.0" } }, ""],

    "gopd": ["gopd@1.0.1", "", { "dependencies": { "get-intrinsic": "^1.1.3" } }, ""],

    "graceful-fs": ["graceful-fs@4.2.11", "", {}, ""],

    "grapheme-splitter": ["grapheme-splitter@1.0.4", "", {}, ""],

    "has": ["has@1.0.3", "", { "dependencies": { "function-bind": "^1.1.1" } }, ""],

    "has-bigints": ["has-bigints@1.0.2", "", {}, ""],

    "has-flag": ["has-flag@4.0.0", "", {}, ""],

    "has-property-descriptors": ["has-property-descriptors@1.0.0", "", { "dependencies": { "get-intrinsic": "^1.1.1" } }, ""],

    "has-proto": ["has-proto@1.0.1", "", {}, ""],

    "has-symbols": ["has-symbols@1.0.3", "", {}, ""],

    "has-tostringtag": ["has-tostringtag@1.0.0", "", { "dependencies": { "has-symbols": "^1.0.2" } }, ""],

    "ignore": ["ignore@5.2.4", "", {}, ""],

    "import-fresh": ["import-fresh@3.3.0", "", { "dependencies": { "parent-module": "^1.0.0", "resolve-from": "^4.0.0" } }, ""],

    "imurmurhash": ["imurmurhash@0.1.4", "", {}, ""],

    "inflight": ["inflight@1.0.6", "", { "dependencies": { "once": "^1.3.0", "wrappy": "1" } }, ""],

    "inherits": ["inherits@2.0.4", "", {}, ""],

    "internal-slot": ["internal-slot@1.0.5", "", { "dependencies": { "get-intrinsic": "^1.2.0", "has": "^1.0.3", "side-channel": "^1.0.4" } }, ""],

    "is-array-buffer": ["is-array-buffer@3.0.2", "", { "dependencies": { "call-bind": "^1.0.2", "get-intrinsic": "^1.2.0", "is-typed-array": "^1.1.10" } }, ""],

    "is-bigint": ["is-bigint@1.0.4", "", { "dependencies": { "has-bigints": "^1.0.1" } }, ""],

    "is-binary-path": ["is-binary-path@2.1.0", "", { "dependencies": { "binary-extensions": "^2.0.0" } }, ""],

    "is-boolean-object": ["is-boolean-object@1.1.2", "", { "dependencies": { "call-bind": "^1.0.2", "has-tostringtag": "^1.0.0" } }, ""],

    "is-callable": ["is-callable@1.2.7", "", {}, ""],

    "is-core-module": ["is-core-module@2.12.1", "", { "dependencies": { "has": "^1.0.3" } }, ""],

    "is-date-object": ["is-date-object@1.0.5", "", { "dependencies": { "has-tostringtag": "^1.0.0" } }, ""],

    "is-extglob": ["is-extglob@2.1.1", "", {}, ""],

    "is-glob": ["is-glob@4.0.3", "", { "dependencies": { "is-extglob": "^2.1.1" } }, ""],

    "is-negative-zero": ["is-negative-zero@2.0.2", "", {}, ""],

    "is-number": ["is-number@7.0.0", "", {}, ""],

    "is-number-object": ["is-number-object@1.0.7", "", { "dependencies": { "has-tostringtag": "^1.0.0" } }, ""],

    "is-path-inside": ["is-path-inside@3.0.3", "", {}, ""],

    "is-regex": ["is-regex@1.1.4", "", { "dependencies": { "call-bind": "^1.0.2", "has-tostringtag": "^1.0.0" } }, ""],

    "is-shared-array-buffer": ["is-shared-array-buffer@1.0.2", "", { "dependencies": { "call-bind": "^1.0.2" } }, ""],

    "is-string": ["is-string@1.0.7", "", { "dependencies": { "has-tostringtag": "^1.0.0" } }, ""],

    "is-symbol": ["is-symbol@1.0.4", "", { "dependencies": { "has-symbols": "^1.0.2" } }, ""],

    "is-typed-array": ["is-typed-array@1.1.10", "", { "dependencies": { "available-typed-arrays": "^1.0.5", "call-bind": "^1.0.2", "for-each": "^0.3.3", "gopd": "^1.0.1", "has-tostringtag": "^1.0.0" } }, ""],

    "is-weakref": ["is-weakref@1.0.2", "", { "dependencies": { "call-bind": "^1.0.2" } }, ""],

    "isexe": ["isexe@2.0.0", "", {}, ""],

    "jiti": ["jiti@1.18.2", "", { "bin": "bin/jiti.js" }, ""],

    "js-sdsl": ["js-sdsl@4.4.2", "", {}, "sha512-dwXFwByc/ajSV6m5bcKAPwe4yDDF6D614pxmIi5odytzxRlwqF6nwoiCek80Ixc7Cvma5awClxrzFtxCQvcM8w=="],

    "js-tokens": ["js-tokens@4.0.0", "", {}, ""],

    "js-yaml": ["js-yaml@4.1.0", "", { "dependencies": { "argparse": "^2.0.1" }, "bin": "bin/js-yaml.js" }, ""],

    "json-schema-traverse": ["json-schema-traverse@0.4.1", "", {}, ""],

    "json-stable-stringify-without-jsonify": ["json-stable-stringify-without-jsonify@1.0.1", "", {}, ""],

    "json5": ["json5@1.0.2", "", { "dependencies": { "minimist": "^1.2.0" }, "bin": "lib/cli.js" }, ""],

    "jsx-ast-utils": ["jsx-ast-utils@3.3.3", "", { "dependencies": { "array-includes": "^3.1.5", "object.assign": "^4.1.3" } }, ""],

    "language-subtag-registry": ["language-subtag-registry@0.3.22", "", {}, ""],

    "language-tags": ["language-tags@1.0.5", "", { "dependencies": { "language-subtag-registry": "~0.3.2" } }, ""],

    "levn": ["levn@0.4.1", "", { "dependencies": { "prelude-ls": "^1.2.1", "type-check": "~0.4.0" } }, ""],

    "lilconfig": ["lilconfig@2.1.0", "", {}, ""],

    "lines-and-columns": ["lines-and-columns@1.2.4", "", {}, ""],

    "locate-path": ["locate-path@6.0.0", "", { "dependencies": { "p-locate": "^5.0.0" } }, ""],

    "lodash.merge": ["lodash.merge@4.6.2", "", {}, ""],

    "loose-envify": ["loose-envify@1.4.0", "", { "dependencies": { "js-tokens": "^3.0.0 || ^4.0.0" }, "bin": "cli.js" }, ""],

    "lru-cache": ["lru-cache@6.0.0", "", { "dependencies": { "yallist": "^4.0.0" } }, ""],

    "merge2": ["merge2@1.4.1", "", {}, ""],

    "micromatch": ["micromatch@4.0.5", "", { "dependencies": { "braces": "^3.0.2", "picomatch": "^2.3.1" } }, ""],

    "minimatch": ["minimatch@3.1.2", "", { "dependencies": { "brace-expansion": "^1.1.7" } }, ""],

    "minimist": ["minimist@1.2.8", "", {}, ""],

    "ms": ["ms@2.1.2", "", {}, ""],

    "mz": ["mz@2.7.0", "", { "dependencies": { "any-promise": "^1.0.0", "object-assign": "^4.0.1", "thenify-all": "^1.0.0" } }, ""],

    "nanoid": ["nanoid@3.3.6", "", { "bin": "bin/nanoid.cjs" }, ""],

    "natural-compare": ["natural-compare@1.4.0", "", {}, ""],

    "next": ["next@13.4.2", "", { "dependencies": { "@next/env": "13.4.2", "@swc/helpers": "0.5.1", "busboy": "1.6.0", "caniuse-lite": "^1.0.30001406", "postcss": "8.4.14", "styled-jsx": "5.1.1", "zod": "3.21.4" }, "optionalDependencies": { "@next/swc-darwin-arm64": "13.4.2", "@next/swc-darwin-x64": "13.4.2", "@next/swc-linux-arm64-gnu": "13.4.2", "@next/swc-linux-arm64-musl": "13.4.2", "@next/swc-linux-x64-gnu": "13.4.2", "@next/swc-linux-x64-musl": "13.4.2", "@next/swc-win32-arm64-msvc": "13.4.2", "@next/swc-win32-ia32-msvc": "13.4.2", "@next/swc-win32-x64-msvc": "13.4.2" }, "peerDependencies": { "@opentelemetry/api": "^1.1.0", "fibers": ">= 3.1.0", "node-sass": "^6.0.0 || ^7.0.0", "react": "^18.2.0", "react-dom": "^18.2.0", "sass": "^1.3.0" }, "optionalPeers": ["@opentelemetry/api", "fibers", "node-sass", "sass"], "bin": "dist/bin/next" }, "sha512-aNFqLs3a3nTGvLWlO9SUhCuMUHVPSFQC0+tDNGAsDXqx+WJDFSbvc233gOJ5H19SBc7nw36A9LwQepOJ2u/8Kg=="],

    "node-releases": ["node-releases@2.0.12", "", {}, ""],

    "normalize-path": ["normalize-path@3.0.0", "", {}, ""],

    "normalize-range": ["normalize-range@0.1.2", "", {}, ""],

    "object-assign": ["object-assign@4.1.1", "", {}, ""],

    "object-hash": ["object-hash@3.0.0", "", {}, ""],

    "object-inspect": ["object-inspect@1.12.3", "", {}, ""],

    "object-keys": ["object-keys@1.1.1", "", {}, ""],

    "object.assign": ["object.assign@4.1.4", "", { "dependencies": { "call-bind": "^1.0.2", "define-properties": "^1.1.4", "has-symbols": "^1.0.3", "object-keys": "^1.1.1" } }, ""],

    "object.entries": ["object.entries@1.1.6", "", { "dependencies": { "call-bind": "^1.0.2", "define-properties": "^1.1.4", "es-abstract": "^1.20.4" } }, ""],

    "object.fromentries": ["object.fromentries@2.0.6", "", { "dependencies": { "call-bind": "^1.0.2", "define-properties": "^1.1.4", "es-abstract": "^1.20.4" } }, ""],

    "object.hasown": ["object.hasown@1.1.2", "", { "dependencies": { "define-properties": "^1.1.4", "es-abstract": "^1.20.4" } }, ""],

    "object.values": ["object.values@1.1.6", "", { "dependencies": { "call-bind": "^1.0.2", "define-properties": "^1.1.4", "es-abstract": "^1.20.4" } }, ""],

    "once": ["once@1.4.0", "", { "dependencies": { "wrappy": "1" } }, ""],

    "optionator": ["optionator@0.9.1", "", { "dependencies": { "deep-is": "^0.1.3", "fast-levenshtein": "^2.0.6", "levn": "^0.4.1", "prelude-ls": "^1.2.1", "type-check": "^0.4.0", "word-wrap": "^1.2.3" } }, ""],

    "p-limit": ["p-limit@3.1.0", "", { "dependencies": { "yocto-queue": "^0.1.0" } }, ""],

    "p-locate": ["p-locate@5.0.0", "", { "dependencies": { "p-limit": "^3.0.2" } }, ""],

    "parent-module": ["parent-module@1.0.1", "", { "dependencies": { "callsites": "^3.0.0" } }, ""],

    "path-exists": ["path-exists@4.0.0", "", {}, ""],

    "path-is-absolute": ["path-is-absolute@1.0.1", "", {}, ""],

    "path-key": ["path-key@3.1.1", "", {}, ""],

    "path-parse": ["path-parse@1.0.7", "", {}, ""],

    "path-type": ["path-type@4.0.0", "", {}, ""],

    "picocolors": ["picocolors@1.0.0", "", {}, ""],

    "picomatch": ["picomatch@2.3.1", "", {}, ""],

    "pify": ["pify@2.3.0", "", {}, ""],

    "pirates": ["pirates@4.0.6", "", {}, ""],

    "postcss": ["postcss@8.4.23", "", { "dependencies": { "nanoid": "^3.3.6", "picocolors": "^1.0.0", "source-map-js": "^1.0.2" } }, "sha512-bQ3qMcpF6A/YjR55xtoTr0jGOlnPOKAIMdOWiv0EIT6HVPEaJiJB4NLljSbiHoC2RX7DN5Uvjtpbg1NPdwv1oA=="],

    "postcss-import": ["postcss-import@15.1.0", "", { "dependencies": { "postcss-value-parser": "^4.0.0", "read-cache": "^1.0.0", "resolve": "^1.1.7" }, "peerDependencies": { "postcss": "^8.0.0" } }, ""],

    "postcss-js": ["postcss-js@4.0.1", "", { "dependencies": { "camelcase-css": "^2.0.1" }, "peerDependencies": { "postcss": "^8.4.21" } }, ""],

    "postcss-load-config": ["postcss-load-config@4.0.1", "", { "dependencies": { "lilconfig": "^2.0.5", "yaml": "^2.1.1" }, "peerDependencies": { "postcss": ">=8.0.9", "ts-node": ">=9.0.0" }, "optionalPeers": ["ts-node"] }, ""],

    "postcss-nested": ["postcss-nested@6.0.1", "", { "dependencies": { "postcss-selector-parser": "^6.0.11" }, "peerDependencies": { "postcss": "^8.2.14" } }, ""],

    "postcss-selector-parser": ["postcss-selector-parser@6.0.13", "", { "dependencies": { "cssesc": "^3.0.0", "util-deprecate": "^1.0.2" } }, ""],

    "postcss-value-parser": ["postcss-value-parser@4.2.0", "", {}, ""],

    "prelude-ls": ["prelude-ls@1.2.1", "", {}, ""],

    "prop-types": ["prop-types@15.8.1", "", { "dependencies": { "loose-envify": "^1.4.0", "object-assign": "^4.1.1", "react-is": "^16.13.1" } }, ""],

    "punycode": ["punycode@2.3.0", "", {}, ""],

    "queue-microtask": ["queue-microtask@1.2.3", "", {}, ""],

    "react": ["react@18.2.0", "", { "dependencies": { "loose-envify": "^1.1.0" } }, ""],

    "react-dom": ["react-dom@18.2.0", "", { "dependencies": { "loose-envify": "^1.1.0", "scheduler": "^0.23.0" }, "peerDependencies": { "react": "^18.2.0" } }, ""],

    "react-icons": ["react-icons@4.12.0", "", { "peerDependencies": { "react": "*" } }, "sha512-IBaDuHiShdZqmfc/TwHu6+d6k2ltNCf3AszxNmjJc1KUfXdEeRJOKyNvLmAHaarhzGmTSVygNdyu8/opXv2gaw=="],

    "react-intersection-observer": ["react-intersection-observer@9.8.2", "", { "peerDependencies": { "react": "^15.0.0 || ^16.0.0 || ^17.0.0 || ^18.0.0", "react-dom": "^15.0.0 || ^16.0.0 || ^17.0.0 || ^18.0.0" } }, "sha512-901naEiiZmse3p+AmtbQ3NL9xx+gQ8TXLiGDc+8GiE3JKJkNV3vP737aGuWTAXBA+1QqxPrDDE+fIEgYpGDlrQ=="],

    "react-is": ["react-is@16.13.1", "", {}, ""],

    "read-cache": ["read-cache@1.0.0", "", { "dependencies": { "pify": "^2.3.0" } }, ""],

    "readdirp": ["readdirp@3.6.0", "", { "dependencies": { "picomatch": "^2.2.1" } }, ""],

    "regenerator-runtime": ["regenerator-runtime@0.13.11", "", {}, ""],

    "regexp.prototype.flags": ["regexp.prototype.flags@1.5.0", "", { "dependencies": { "call-bind": "^1.0.2", "define-properties": "^1.2.0", "functions-have-names": "^1.2.3" } }, ""],

    "resolve": ["resolve@1.22.2", "", { "dependencies": { "is-core-module": "^2.11.0", "path-parse": "^1.0.7", "supports-preserve-symlinks-flag": "^1.0.0" }, "bin": "bin/resolve" }, ""],

    "resolve-from": ["resolve-from@4.0.0", "", {}, ""],

    "resolve-pkg-maps": ["resolve-pkg-maps@1.0.0", "", {}, "sha512-seS2Tj26TBVOC2NIc2rOe2y2ZO7efxITtLZcGSOnHHNOQ7CkiUBfw0Iw2ck6xkIhPwLhKNLS8BO+hEpngQlqzw=="],

    "reusify": ["reusify@1.0.4", "", {}, ""],

    "rimraf": ["rimraf@3.0.2", "", { "dependencies": { "glob": "^7.1.3" }, "bin": "bin.js" }, ""],

    "run-parallel": ["run-parallel@1.2.0", "", { "dependencies": { "queue-microtask": "^1.2.2" } }, ""],

    "safe-regex-test": ["safe-regex-test@1.0.0", "", { "dependencies": { "call-bind": "^1.0.2", "get-intrinsic": "^1.1.3", "is-regex": "^1.1.4" } }, ""],

    "scheduler": ["scheduler@0.23.0", "", { "dependencies": { "loose-envify": "^1.1.0" } }, ""],

    "semver": ["semver@6.3.0", "", { "bin": "bin/semver.js" }, ""],

    "shebang-command": ["shebang-command@2.0.0", "", { "dependencies": { "shebang-regex": "^3.0.0" } }, ""],

    "shebang-regex": ["shebang-regex@3.0.0", "", {}, ""],

    "side-channel": ["side-channel@1.0.4", "", { "dependencies": { "call-bind": "^1.0.0", "get-intrinsic": "^1.0.2", "object-inspect": "^1.9.0" } }, ""],

    "slash": ["slash@3.0.0", "", {}, ""],

    "source-map-js": ["source-map-js@1.0.2", "", {}, ""],

    "streamsearch": ["streamsearch@1.1.0", "", {}, "sha512-Mcc5wHehp9aXz1ax6bZUyY5afg9u2rv5cqQI3mRrYkGC8rW2hM02jWuwjtL++LS5qinSyhj2QfLyNsuc+VsExg=="],

    "string.prototype.matchall": ["string.prototype.matchall@4.0.8", "", { "dependencies": { "call-bind": "^1.0.2", "define-properties": "^1.1.4", "es-abstract": "^1.20.4", "get-intrinsic": "^1.1.3", "has-symbols": "^1.0.3", "internal-slot": "^1.0.3", "regexp.prototype.flags": "^1.4.3", "side-channel": "^1.0.4" } }, ""],

    "string.prototype.trim": ["string.prototype.trim@1.2.7", "", { "dependencies": { "call-bind": "^1.0.2", "define-properties": "^1.1.4", "es-abstract": "^1.20.4" } }, ""],

    "string.prototype.trimend": ["string.prototype.trimend@1.0.6", "", { "dependencies": { "call-bind": "^1.0.2", "define-properties": "^1.1.4", "es-abstract": "^1.20.4" } }, ""],

    "string.prototype.trimstart": ["string.prototype.trimstart@1.0.6", "", { "dependencies": { "call-bind": "^1.0.2", "define-properties": "^1.1.4", "es-abstract": "^1.20.4" } }, ""],

    "strip-ansi": ["strip-ansi@6.0.1", "", { "dependencies": { "ansi-regex": "^5.0.1" } }, ""],

    "strip-bom": ["strip-bom@3.0.0", "", {}, ""],

    "strip-json-comments": ["strip-json-comments@3.1.1", "", {}, ""],

    "styled-jsx": ["styled-jsx@5.1.1", "", { "dependencies": { "client-only": "0.0.1" }, "peerDependencies": { "react": ">= 16.8.0 || 17.x.x || ^18.0.0-0" } }, "sha512-pW7uC1l4mBZ8ugbiZrcIsiIvVx1UmTfw7UkC3Um2tmfUq9Bhk8IiyEIPl6F8agHgjzku6j0xQEZbfA5uSgSaCw=="],

    "sucrase": ["sucrase@3.32.0", "", { "dependencies": { "@jridgewell/gen-mapping": "^0.3.2", "commander": "^4.0.0", "glob": "7.1.6", "lines-and-columns": "^1.1.6", "mz": "^2.7.0", "pirates": "^4.0.1", "ts-interface-checker": "^0.1.9" }, "bin": { "sucrase": "bin/sucrase", "sucrase-node": "bin/sucrase-node" } }, ""],

    "supports-color": ["supports-color@7.2.0", "", { "dependencies": { "has-flag": "^4.0.0" } }, ""],

    "supports-preserve-symlinks-flag": ["supports-preserve-symlinks-flag@1.0.0", "", {}, ""],

    "tailwindcss": ["tailwindcss@3.3.2", "", { "dependencies": { "@alloc/quick-lru": "^5.2.0", "arg": "^5.0.2", "chokidar": "^3.5.3", "didyoumean": "^1.2.2", "dlv": "^1.1.3", "fast-glob": "^3.2.12", "glob-parent": "^6.0.2", "is-glob": "^4.0.3", "jiti": "^1.18.2", "lilconfig": "^2.1.0", "micromatch": "^4.0.5", "normalize-path": "^3.0.0", "object-hash": "^3.0.0", "picocolors": "^1.0.0", "postcss": "^8.4.23", "postcss-import": "^15.1.0", "postcss-js": "^4.0.1", "postcss-load-config": "^4.0.1", "postcss-nested": "^6.0.1", "postcss-selector-parser": "^6.0.11", "postcss-value-parser": "^4.2.0", "resolve": "^1.22.2", "sucrase": "^3.32.0" }, "bin": { "tailwind": "lib/cli.js", "tailwindcss": "lib/cli.js" } }, ""],

    "tapable": ["tapable@2.2.1", "", {}, ""],

    "text-table": ["text-table@0.2.0", "", {}, ""],

    "thenify": ["thenify@3.3.1", "", { "dependencies": { "any-promise": "^1.0.0" } }, ""],

    "thenify-all": ["thenify-all@1.6.0", "", { "dependencies": { "thenify": ">= 3.1.0 < 4" } }, ""],

    "to-regex-range": ["to-regex-range@5.0.1", "", { "dependencies": { "is-number": "^7.0.0" } }, ""],

    "ts-interface-checker": ["ts-interface-checker@0.1.13", "", {}, ""],

    "tsconfig-paths": ["tsconfig-paths@3.14.2", "", { "dependencies": { "@types/json5": "^0.0.29", "json5": "^1.0.2", "minimist": "^1.2.6", "strip-bom": "^3.0.0" } }, ""],

    "tslib": ["tslib@2.5.3", "", {}, ""],

    "tsutils": ["tsutils@3.21.0", "", { "dependencies": { "tslib": "^1.8.1" }, "peerDependencies": { "typescript": ">=2.8.0 || >= 3.2.0-dev || >= 3.3.0-dev || >= 3.4.0-dev || >= 3.5.0-dev || >= 3.6.0-dev || >= 3.6.0-beta || >= 3.7.0-dev || >= 3.7.0-beta" } }, ""],

    "type-check": ["type-check@0.4.0", "", { "dependencies": { "prelude-ls": "^1.2.1" } }, ""],

    "type-fest": ["type-fest@0.20.2", "", {}, ""],

    "typed-array-length": ["typed-array-length@1.0.4", "", { "dependencies": { "call-bind": "^1.0.2", "for-each": "^0.3.3", "is-typed-array": "^1.1.9" } }, ""],

    "typescript": ["typescript@5.0.4", "", { "bin": { "tsc": "bin/tsc", "tsserver": "bin/tsserver" } }, "sha512-cW9T5W9xY37cc+jfEnaUvX91foxtHkza3Nw3wkoF4sSlKn0MONdkdEndig/qPBWXNkmplh3NzayQzCiHM4/hqw=="],

    "unbox-primitive": ["unbox-primitive@1.0.2", "", { "dependencies": { "call-bind": "^1.0.2", "has-bigints": "^1.0.2", "has-symbols": "^1.0.3", "which-boxed-primitive": "^1.0.2" } }, ""],

    "update-browserslist-db": ["update-browserslist-db@1.0.11", "", { "dependencies": { "escalade": "^3.1.1", "picocolors": "^1.0.0" }, "peerDependencies": { "browserslist": ">= 4.21.0" }, "bin": "cli.js" }, ""],

    "uri-js": ["uri-js@4.4.1", "", { "dependencies": { "punycode": "^2.1.0" } }, ""],

    "util-deprecate": ["util-deprecate@1.0.2", "", {}, ""],

    "which": ["which@2.0.2", "", { "dependencies": { "isexe": "^2.0.0" }, "bin": { "node-which": "bin/node-which" } }, ""],

    "which-boxed-primitive": ["which-boxed-primitive@1.0.2", "", { "dependencies": { "is-bigint": "^1.0.1", "is-boolean-object": "^1.1.0", "is-number-object": "^1.0.4", "is-string": "^1.0.5", "is-symbol": "^1.0.3" } }, ""],

    "which-typed-array": ["which-typed-array@1.1.9", "", { "dependencies": { "available-typed-arrays": "^1.0.5", "call-bind": "^1.0.2", "for-each": "^0.3.3", "gopd": "^1.0.1", "has-tostringtag": "^1.0.0", "is-typed-array": "^1.1.10" } }, ""],

    "word-wrap": ["word-wrap@1.2.3", "", {}, ""],

    "wrappy": ["wrappy@1.0.2", "", {}, ""],

    "yallist": ["yallist@4.0.0", "", {}, ""],

    "yaml": ["yaml@2.3.1", "", {}, ""],

    "yocto-queue": ["yocto-queue@0.1.0", "", {}, ""],

    "zod": ["zod@3.21.4", "", {}, "sha512-m46AKbrzKVzOzs/DZgVnG5H55N1sv1M8qZU3A8RIKbs3mrACDNeIOeilDymVb2HdmP8uwshOCF4uJ8uM9rCqJw=="],

    "@eslint/eslintrc/globals": ["globals@13.20.0", "", { "dependencies": { "type-fest": "^0.20.2" } }, ""],

    "@eslint/eslintrc/js-yaml": ["js-yaml@4.1.0", "", { "dependencies": { "argparse": "^2.0.1" }, "bin": "bin/js-yaml.js" }, ""],

    "@jridgewell/trace-mapping/@jridgewell/sourcemap-codec": ["@jridgewell/sourcemap-codec@1.4.14", "", {}, ""],

    "@typescript-eslint/typescript-estree/semver": ["semver@7.5.2", "", { "dependencies": { "lru-cache": "^6.0.0" }, "bin": "bin/semver.js" }, ""],

    "chokidar/glob-parent": ["glob-parent@5.1.2", "", { "dependencies": { "is-glob": "^4.0.1" } }, ""],

    "eslint-import-resolver-node/debug": ["debug@3.2.7", "", { "dependencies": { "ms": "^2.1.1" } }, ""],

    "eslint-module-utils/debug": ["debug@3.2.7", "", { "dependencies": { "ms": "^2.1.1" } }, ""],

    "eslint-plugin-import/debug": ["debug@3.2.7", "", { "dependencies": { "ms": "^2.1.1" } }, ""],

    "eslint-plugin-import/doctrine": ["doctrine@2.1.0", "", { "dependencies": { "esutils": "^2.0.2" } }, ""],

    "eslint-plugin-jsx-a11y/semver": ["semver@6.3.0", "", { "bin": "bin/semver.js" }, ""],

    "eslint-plugin-react/doctrine": ["doctrine@2.1.0", "", { "dependencies": { "esutils": "^2.0.2" } }, ""],

    "eslint-plugin-react/resolve": ["resolve@2.0.0-next.4", "", { "dependencies": { "is-core-module": "^2.9.0", "path-parse": "^1.0.7", "supports-preserve-symlinks-flag": "^1.0.0" }, "bin": "bin/resolve" }, ""],

    "eslint-plugin-react/semver": ["semver@6.3.0", "", { "bin": "bin/semver.js" }, ""],

    "fast-glob/glob-parent": ["glob-parent@5.1.2", "", { "dependencies": { "is-glob": "^4.0.1" } }, ""],

    "next/postcss": ["postcss@8.4.14", "", { "dependencies": { "nanoid": "^3.3.4", "picocolors": "^1.0.0", "source-map-js": "^1.0.2" } }, "sha512-E398TUmfAYFPBSdzgeieK2Y1+1cpdxJx8yXbK/m57nRhKSmk1GB2tO4lbLBtlkfPQTDKfe4Xqv1ASWPpayPEig=="],

    "rimraf/glob": ["glob@7.2.3", "", { "dependencies": { "fs.realpath": "^1.0.0", "inflight": "^1.0.4", "inherits": "2", "minimatch": "^3.1.1", "once": "^1.3.0", "path-is-absolute": "^1.0.0" } }, ""],

    "sucrase/glob": ["glob@7.1.6", "", { "dependencies": { "fs.realpath": "^1.0.0", "inflight": "^1.0.4", "inherits": "2", "minimatch": "^3.0.4", "once": "^1.3.0", "path-is-absolute": "^1.0.0" } }, ""],

    "tsutils/tslib": ["tslib@1.14.1", "", {}, ""],

    "@eslint/eslintrc/globals/type-fest": ["type-fest@0.20.2", "", {}, ""],

    "@eslint/eslintrc/js-yaml/argparse": ["argparse@2.0.1", "", {}, ""],
  }
}
